
Microsoft Visual Studio Solution File, Format Version 12.00
# Visual Studio 15
VisualStudioVersion = 15.0.27130.2036
MinimumVisualStudioVersion = 10.0.40219.1
Project("{FAE04EC0-301F-11D3-BF4B-00C04F79EFBC}") = "Habba", "Habba\Habba.csproj", "{F64C5EAC-F105-4533-9BB7-CA6784F19AF0}"
EndProject
Global
	GlobalSection(SolutionConfigurationPlatforms) = preSolution
		Debug|Any CPU = Debug|Any CPU
		Release|Any CPU = Release|Any CPU
	EndGlobalSection
	GlobalSection(ProjectConfigurationPlatforms) = postSolution
		{F64C5EAC-F105-4533-9BB7-CA6784F19AF0}.Debug|Any CPU.ActiveCfg = Debug|Any CPU
		{F64C5EAC-F105-4533-9BB7-CA6784F19AF0}.Debug|Any CPU.Build.0 = Debug|Any CPU
		{F64C5EAC-F105-4533-9BB7-CA6784F19AF0}.Release|Any CPU.ActiveCfg = Release|Any CPU
		{F64C5EAC-F105-4533-9BB7-CA6784F19AF0}.Release|Any CPU.Build.0 = Release|Any CPU
	EndGlobalSection
	GlobalSection(SolutionProperties) = preSolution
		HideSolutionNode = FALSE
	EndGlobalSection
	GlobalSection(ExtensibilityGlobals) = postSolution
		SolutionGuid = {5A0E46AD-7BD4-444E-8653-70DC54F6B749}
	EndGlobalSection
EndGlobal
